
Microsoft Visual Studio Solution File, Format Version 12.00
# Visual Studio Version 16
VisualStudioVersion = 16.0.30711.63
MinimumVisualStudioVersion = 10.0.40219.1
Project("{FAE04EC0-301F-11D3-BF4B-00C04F79EFBC}") = "even or odd", "even or odd\even or odd.csproj", "{460CAEBC-6E27-4DDA-B0CC-01C64D57D50D}"
EndProject
Global
	GlobalSection(SolutionConfigurationPlatforms) = preSolution
		Debug|Any CPU = Debug|Any CPU
		Release|Any CPU = Release|Any CPU
	EndGlobalSection
	GlobalSection(ProjectConfigurationPlatforms) = postSolution
		{460CAEBC-6E27-4DDA-B0CC-01C64D57D50D}.Debug|Any CPU.ActiveCfg = Debug|Any CPU
		{460CAEBC-6E27-4DDA-B0CC-01C64D57D50D}.Debug|Any CPU.Build.0 = Debug|Any CPU
		{460CAEBC-6E27-4DDA-B0CC-01C64D57D50D}.Release|Any CPU.ActiveCfg = Release|Any CPU
		{460CAEBC-6E27-4DDA-B0CC-01C64D57D50D}.Release|Any CPU.Build.0 = Release|Any CPU
	EndGlobalSection
	GlobalSection(SolutionProperties) = preSolution
		HideSolutionNode = FALSE
	EndGlobalSection
	GlobalSection(ExtensibilityGlobals) = postSolution
		SolutionGuid = {DC172FF3-D1E4-4974-A032-2F087852D7F2}
	EndGlobalSection
EndGlobal
